
Microsoft Visual Studio Solution File, Format Version 12.00
# Visual Studio Version 17
VisualStudioVersion = 17.5.002.0
MinimumVisualStudioVersion = 10.0.40219.1
Project("{2150E333-8FDC-42A3-9474-1A3956D46DE8}") = "server", "server", "{3C1C07E5-67E6-4B7A-92E6-B5127CE7D151}"
EndProject
Project("{9A19103F-16F7-4668-BE54-9A1E7A4F7556}") = "realTimeApp.Server.Console", "server\realTimeApp.Server.Console\realTimeApp.Server.Console.csproj", "{0E5A9B3E-557A-46AA-9D32-A3FEC3028A3E}"
EndProject
Project("{FAE04EC0-301F-11D3-BF4B-00C04F79EFBC}") = "realTimeApp.Server.Application", "server\realTimeApp.Server.Application\realTimeApp.Server.Application.csproj", "{82C8D092-C295-499F-8526-1EA10FA740A9}"
EndProject
Project("{FAE04EC0-301F-11D3-BF4B-00C04F79EFBC}") = "realTimeApp.Server.Domain", "server\realTimeApp.Server.Domain\realTimeApp.Server.Domain.csproj", "{A667F1F2-A775-4D3E-BB14-912870B45CAF}"
EndProject
Project("{FAE04EC0-301F-11D3-BF4B-00C04F79EFBC}") = "realTimeApp.Server.Infrastructure", "server\realTimeApp.Server.Infrastructure\realTimeApp.Server.Infrastructure.csproj", "{4F77CC3D-0F84-4792-B604-2D532FE351CD}"
EndProject
Project("{2150E333-8FDC-42A3-9474-1A3956D46DE8}") = "client", "client", "{A6F229C3-0748-49FC-89E3-2D4F273F52CB}"
EndProject
Project("{FAE04EC0-301F-11D3-BF4B-00C04F79EFBC}") = "realTimeApp.Client.Console", "client\realTimeApp.Client.Console\realTimeApp.Client.Console.csproj", "{84363D04-54FA-4170-8A3B-5D81154ABC93}"
EndProject
Project("{FAE04EC0-301F-11D3-BF4B-00C04F79EFBC}") = "realTimeApp.Client.Domain", "client\realTimeApp.Client.Domain\realTimeApp.Client.Domain.csproj", "{4BF8FAAD-BA0A-4F2F-B440-3CC709EA3532}"
EndProject
Project("{FAE04EC0-301F-11D3-BF4B-00C04F79EFBC}") = "realTimeApp.Client.Application", "client\realTimeApp.Client.Application\realTimeApp.Client.Application.csproj", "{FE362F12-E214-4D69-B0D7-67D30BAC530E}"
EndProject
Project("{FAE04EC0-301F-11D3-BF4B-00C04F79EFBC}") = "realTimeApp.Client.Infrastructure", "client\realTimeApp.Client.Infrastructure\realTimeApp.Client.Infrastructure.csproj", "{FC8BF162-ECF5-4578-97A9-9B3C09B794C5}"
EndProject
Global
	GlobalSection(SolutionConfigurationPlatforms) = preSolution
		Debug|Any CPU = Debug|Any CPU
		Release|Any CPU = Release|Any CPU
	EndGlobalSection
	GlobalSection(ProjectConfigurationPlatforms) = postSolution
		{0E5A9B3E-557A-46AA-9D32-A3FEC3028A3E}.Debug|Any CPU.ActiveCfg = Debug|Any CPU
		{0E5A9B3E-557A-46AA-9D32-A3FEC3028A3E}.Debug|Any CPU.Build.0 = Debug|Any CPU
		{0E5A9B3E-557A-46AA-9D32-A3FEC3028A3E}.Release|Any CPU.ActiveCfg = Release|Any CPU
		{0E5A9B3E-557A-46AA-9D32-A3FEC3028A3E}.Release|Any CPU.Build.0 = Release|Any CPU
		{82C8D092-C295-499F-8526-1EA10FA740A9}.Debug|Any CPU.ActiveCfg = Debug|Any CPU
		{82C8D092-C295-499F-8526-1EA10FA740A9}.Debug|Any CPU.Build.0 = Debug|Any CPU
		{82C8D092-C295-499F-8526-1EA10FA740A9}.Release|Any CPU.ActiveCfg = Release|Any CPU
		{82C8D092-C295-499F-8526-1EA10FA740A9}.Release|Any CPU.Build.0 = Release|Any CPU
		{A667F1F2-A775-4D3E-BB14-912870B45CAF}.Debug|Any CPU.ActiveCfg = Debug|Any CPU
		{A667F1F2-A775-4D3E-BB14-912870B45CAF}.Debug|Any CPU.Build.0 = Debug|Any CPU
		{A667F1F2-A775-4D3E-BB14-912870B45CAF}.Release|Any CPU.ActiveCfg = Release|Any CPU
		{A667F1F2-A775-4D3E-BB14-912870B45CAF}.Release|Any CPU.Build.0 = Release|Any CPU
		{4F77CC3D-0F84-4792-B604-2D532FE351CD}.Debug|Any CPU.ActiveCfg = Debug|Any CPU
		{4F77CC3D-0F84-4792-B604-2D532FE351CD}.Debug|Any CPU.Build.0 = Debug|Any CPU
		{4F77CC3D-0F84-4792-B604-2D532FE351CD}.Release|Any CPU.ActiveCfg = Release|Any CPU
		{4F77CC3D-0F84-4792-B604-2D532FE351CD}.Release|Any CPU.Build.0 = Release|Any CPU
		{84363D04-54FA-4170-8A3B-5D81154ABC93}.Debug|Any CPU.ActiveCfg = Debug|Any CPU
		{84363D04-54FA-4170-8A3B-5D81154ABC93}.Debug|Any CPU.Build.0 = Debug|Any CPU
		{84363D04-54FA-4170-8A3B-5D81154ABC93}.Release|Any CPU.ActiveCfg = Release|Any CPU
		{84363D04-54FA-4170-8A3B-5D81154ABC93}.Release|Any CPU.Build.0 = Release|Any CPU
		{4BF8FAAD-BA0A-4F2F-B440-3CC709EA3532}.Debug|Any CPU.ActiveCfg = Debug|Any CPU
		{4BF8FAAD-BA0A-4F2F-B440-3CC709EA3532}.Debug|Any CPU.Build.0 = Debug|Any CPU
		{4BF8FAAD-BA0A-4F2F-B440-3CC709EA3532}.Release|Any CPU.ActiveCfg = Release|Any CPU
		{4BF8FAAD-BA0A-4F2F-B440-3CC709EA3532}.Release|Any CPU.Build.0 = Release|Any CPU
		{FE362F12-E214-4D69-B0D7-67D30BAC530E}.Debug|Any CPU.ActiveCfg = Debug|Any CPU
		{FE362F12-E214-4D69-B0D7-67D30BAC530E}.Debug|Any CPU.Build.0 = Debug|Any CPU
		{FE362F12-E214-4D69-B0D7-67D30BAC530E}.Release|Any CPU.ActiveCfg = Release|Any CPU
		{FE362F12-E214-4D69-B0D7-67D30BAC530E}.Release|Any CPU.Build.0 = Release|Any CPU
		{FC8BF162-ECF5-4578-97A9-9B3C09B794C5}.Debug|Any CPU.ActiveCfg = Debug|Any CPU
		{FC8BF162-ECF5-4578-97A9-9B3C09B794C5}.Debug|Any CPU.Build.0 = Debug|Any CPU
		{FC8BF162-ECF5-4578-97A9-9B3C09B794C5}.Release|Any CPU.ActiveCfg = Release|Any CPU
		{FC8BF162-ECF5-4578-97A9-9B3C09B794C5}.Release|Any CPU.Build.0 = Release|Any CPU
	EndGlobalSection
	GlobalSection(SolutionProperties) = preSolution
		HideSolutionNode = FALSE
	EndGlobalSection
	GlobalSection(NestedProjects) = preSolution
		{84363D04-54FA-4170-8A3B-5D81154ABC93} = {A6F229C3-0748-49FC-89E3-2D4F273F52CB}
		{4BF8FAAD-BA0A-4F2F-B440-3CC709EA3532} = {A6F229C3-0748-49FC-89E3-2D4F273F52CB}
		{0E5A9B3E-557A-46AA-9D32-A3FEC3028A3E} = {3C1C07E5-67E6-4B7A-92E6-B5127CE7D151}
		{82C8D092-C295-499F-8526-1EA10FA740A9} = {3C1C07E5-67E6-4B7A-92E6-B5127CE7D151}
		{A667F1F2-A775-4D3E-BB14-912870B45CAF} = {3C1C07E5-67E6-4B7A-92E6-B5127CE7D151}
		{4F77CC3D-0F84-4792-B604-2D532FE351CD} = {3C1C07E5-67E6-4B7A-92E6-B5127CE7D151}
		{FE362F12-E214-4D69-B0D7-67D30BAC530E} = {A6F229C3-0748-49FC-89E3-2D4F273F52CB}
		{FC8BF162-ECF5-4578-97A9-9B3C09B794C5} = {A6F229C3-0748-49FC-89E3-2D4F273F52CB}
	EndGlobalSection
	GlobalSection(ExtensibilityGlobals) = postSolution
		SolutionGuid = {5BF342F6-8EC1-481C-861B-69043412D2DF}
	EndGlobalSection
EndGlobal
